<?xml version="1.0" encoding="utf-8"?>
<Project ToolsVersion="4.0" xmlns="http://schemas.microsoft.com/developer/msbuild/2003">
  <ItemGroup>
    <Filter Include="ThirdParties">
      <UniqueIdentifier>{78BE6560-6421-F504-0DA7-2DBBF9E8C087}</UniqueIdentifier>
    </Filter>
    <Filter Include="ThirdParties\glm">
      <UniqueIdentifier>{C7C4AB81-B3BD-CAD3-DCEF-AF58C847AADF}</UniqueIdentifier>
    </Filter>
    <Filter Include="ThirdParties\glm\glm">
      <UniqueIdentifier>{965A1A48-82E9-A311-2B08-B80C1776B4B7}</UniqueIdentifier>
    </Filter>
    <Filter Include="ThirdParties\glm\glm\detail">
      <UniqueIdentifier>{98CDDD8C-04DB-0B73-8DC1-075EF9CDD729}</UniqueIdentifier>
    </Filter>
    <Filter Include="ThirdParties\glm\glm\ext">
      <UniqueIdentifier>{F6386D2C-E25D-BCAC-0BA9-A13CF72CBBCA}</UniqueIdentifier>
    </Filter>
    <Filter Include="ThirdParties\glm\glm\gtc">
      <UniqueIdentifier>{E3406D2C-CF65-BCAC-F8B0-A13CE434BBCA}</UniqueIdentifier>
    </Filter>
    <Filter Include="ThirdParties\glm\glm\gtx">
      <UniqueIdentifier>{F8406D2C-E465-BCAC-0DB1-A13CF934BBCA}</UniqueIdentifier>
    </Filter>
    <Filter Include="src">
      <UniqueIdentifier>{2DAB880B-99B4-887C-2230-9F7C8E38947C}</UniqueIdentifier>
    </Filter>
    <Filter Include="src\PlatForm">
      <UniqueIdentifier>{013EF1E4-EDA0-8089-9626-B93F82684C0C}</UniqueIdentifier>
    </Filter>
    <Filter Include="src\PlatForm\OpenGL">
      <UniqueIdentifier>{15FCFD8B-815D-DB99-0ACB-214C762B1259}</UniqueIdentifier>
    </Filter>
    <Filter Include="src\SparkRabbit">
      <UniqueIdentifier>{B1F85A50-1D84-C814-2695-4B09929F2415}</UniqueIdentifier>
    </Filter>
    <Filter Include="src\SparkRabbit\EventsSystem">
      <UniqueIdentifier>{DAA2E810-C65D-D8BC-6F15-51075BAF224D}</UniqueIdentifier>
    </Filter>
    <Filter Include="src\SparkRabbit\Imgui">
      <UniqueIdentifier>{BBF6C1C2-2763-7DBD-F056-151B5C829F25}</UniqueIdentifier>
    </Filter>
    <Filter Include="src\SparkRabbit\Layer">
      <UniqueIdentifier>{3DF6F1C2-A962-ADBD-7256-451BDE81CF25}</UniqueIdentifier>
    </Filter>
    <Filter Include="src\SparkRabbit\Render">
      <UniqueIdentifier>{0006722F-ECFF-9A81-D56C-3192C10501EE}</UniqueIdentifier>
    </Filter>
    <Filter Include="src\SparkRabbit\Render\OpenGL">
      <UniqueIdentifier>{34EF8B88-A007-73B2-69B4-024CD58B074C}</UniqueIdentifier>
    </Filter>
  </ItemGroup>
  <ItemGroup>
    <ClInclude Include="ThirdParties\glm\glm\common.hpp">
      <Filter>ThirdParties\glm\glm</Filter>
    </ClInclude>
    <ClInclude Include="ThirdParties\glm\glm\detail\_features.hpp">
      <Filter>ThirdParties\glm\glm\detail</Filter>
    </ClInclude>
    <ClInclude Include="ThirdParties\glm\glm\detail\_fixes.hpp">
      <Filter>ThirdParties\glm\glm\detail</Filter>
    </ClInclude>
    <ClInclude Include="ThirdParties\glm\glm\detail\_noise.hpp">
      <Filter>ThirdParties\glm\glm\detail</Filter>
    </ClInclude>
    <ClInclude Include="ThirdParties\glm\glm\detail\_swizzle.hpp">
      <Filter>ThirdParties\glm\glm\detail</Filter>
    </ClInclude>
    <ClInclude Include="ThirdParties\glm\glm\detail\_swizzle_func.hpp">
      <Filter>ThirdParties\glm\glm\detail</Filter>
    </ClInclude>
    <ClInclude Include="ThirdParties\glm\glm\detail\_vectorize.hpp">
      <Filter>ThirdParties\glm\glm\detail</Filter>
    </ClInclude>
    <ClInclude Include="ThirdParties\glm\glm\detail\compute_common.hpp">
      <Filter>ThirdParties\glm\glm\detail</Filter>
    </ClInclude>
    <ClInclude Include="ThirdParties\glm\glm\detail\compute_vector_relational.hpp">
      <Filter>ThirdParties\glm\glm\detail</Filter>
    </ClInclude>
    <ClInclude Include="ThirdParties\glm\glm\detail\func_common.inl">
      <Filter>ThirdParties\glm\glm\detail</Filter>
    </ClInclude>
    <ClInclude Include="ThirdParties\glm\glm\detail\func_common_simd.inl">
      <Filter>ThirdParties\glm\glm\detail</Filter>
    </ClInclude>
    <ClInclude Include="ThirdParties\glm\glm\detail\func_exponential.inl">
      <Filter>ThirdParties\glm\glm\detail</Filter>
    </ClInclude>
    <ClInclude Include="ThirdParties\glm\glm\detail\func_exponential_simd.inl">
      <Filter>ThirdParties\glm\glm\detail</Filter>
    </ClInclude>
    <ClInclude Include="ThirdParties\glm\glm\detail\func_geometric.inl">
      <Filter>ThirdParties\glm\glm\detail</Filter>
    </ClInclude>
    <ClInclude Include="ThirdParties\glm\glm\detail\func_geometric_simd.inl">
      <Filter>ThirdParties\glm\glm\detail</Filter>
    </ClInclude>
    <ClInclude Include="ThirdParties\glm\glm\detail\func_integer.inl">
      <Filter>ThirdParties\glm\glm\detail</Filter>
    </ClInclude>
    <ClInclude Include="ThirdParties\glm\glm\detail\func_integer_simd.inl">
      <Filter>ThirdParties\glm\glm\detail</Filter>
    </ClInclude>
    <ClInclude Include="ThirdParties\glm\glm\detail\func_matrix.inl">
      <Filter>ThirdParties\glm\glm\detail</Filter>
    </ClInclude>
    <ClInclude Include="ThirdParties\glm\glm\detail\func_matrix_simd.inl">
      <Filter>ThirdParties\glm\glm\detail</Filter>
    </ClInclude>
    <ClInclude Include="ThirdParties\glm\glm\detail\func_packing.inl">
      <Filter>ThirdParties\glm\glm\detail</Filter>
    </ClInclude>
    <ClInclude Include="ThirdParties\glm\glm\detail\func_packing_simd.inl">
      <Filter>ThirdParties\glm\glm\detail</Filter>
    </ClInclude>
    <ClInclude Include="ThirdParties\glm\glm\detail\func_trigonometric.inl">
      <Filter>ThirdParties\glm\glm\detail</Filter>
    </ClInclude>
    <ClInclude Include="ThirdParties\glm\glm\detail\func_trigonometric_simd.inl">
      <Filter>ThirdParties\glm\glm\detail</Filter>
    </ClInclude>
    <ClInclude Include="ThirdParties\glm\glm\detail\func_vector_relational.inl">
      <Filter>ThirdParties\glm\glm\detail</Filter>
    </ClInclude>
    <ClInclude Include="ThirdParties\glm\glm\detail\func_vector_relational_simd.inl">
      <Filter>ThirdParties\glm\glm\detail</Filter>
    </ClInclude>
    <ClInclude Include="ThirdParties\glm\glm\detail\qualifier.hpp">
      <Filter>ThirdParties\glm\glm\detail</Filter>
    </ClInclude>
    <ClInclude Include="ThirdParties\glm\glm\detail\setup.hpp">
      <Filter>ThirdParties\glm\glm\detail</Filter>
    </ClInclude>
    <ClInclude Include="ThirdParties\glm\glm\detail\type_float.hpp">
      <Filter>ThirdParties\glm\glm\detail</Filter>
    </ClInclude>
    <ClInclude Include="ThirdParties\glm\glm\detail\type_half.hpp">
      <Filter>ThirdParties\glm\glm\detail</Filter>
    </ClInclude>
    <ClInclude Include="ThirdParties\glm\glm\detail\type_half.inl">
      <Filter>ThirdParties\glm\glm\detail</Filter>
    </ClInclude>
    <ClInclude Include="ThirdParties\glm\glm\detail\type_mat2x2.hpp">
      <Filter>ThirdParties\glm\glm\detail</Filter>
    </ClInclude>
    <ClInclude Include="ThirdParties\glm\glm\detail\type_mat2x2.inl">
      <Filter>ThirdParties\glm\glm\detail</Filter>
    </ClInclude>
    <ClInclude Include="ThirdParties\glm\glm\detail\type_mat2x3.hpp">
      <Filter>ThirdParties\glm\glm\detail</Filter>
    </ClInclude>
    <ClInclude Include="ThirdParties\glm\glm\detail\type_mat2x3.inl">
      <Filter>ThirdParties\glm\glm\detail</Filter>
    </ClInclude>
    <ClInclude Include="ThirdParties\glm\glm\detail\type_mat2x4.hpp">
      <Filter>ThirdParties\glm\glm\detail</Filter>
    </ClInclude>
    <ClInclude Include="ThirdParties\glm\glm\detail\type_mat2x4.inl">
      <Filter>ThirdParties\glm\glm\detail</Filter>
    </ClInclude>
    <ClInclude Include="ThirdParties\glm\glm\detail\type_mat3x2.hpp">
      <Filter>ThirdParties\glm\glm\detail</Filter>
    </ClInclude>
    <ClInclude Include="ThirdParties\glm\glm\detail\type_mat3x2.inl">
      <Filter>ThirdParties\glm\glm\detail</Filter>
    </ClInclude>
    <ClInclude Include="ThirdParties\glm\glm\detail\type_mat3x3.hpp">
      <Filter>ThirdParties\glm\glm\detail</Filter>
    </ClInclude>
    <ClInclude Include="ThirdParties\glm\glm\detail\type_mat3x3.inl">
      <Filter>ThirdParties\glm\glm\detail</Filter>
    </ClInclude>
    <ClInclude Include="ThirdParties\glm\glm\detail\type_mat3x4.hpp">
      <Filter>ThirdParties\glm\glm\detail</Filter>
    </ClInclude>
    <ClInclude Include="ThirdParties\glm\glm\detail\type_mat3x4.inl">
      <Filter>ThirdParties\glm\glm\detail</Filter>
    </ClInclude>
    <ClInclude Include="ThirdParties\glm\glm\detail\type_mat4x2.hpp">
      <Filter>ThirdParties\glm\glm\detail</Filter>
    </ClInclude>
    <ClInclude Include="ThirdParties\glm\glm\detail\type_mat4x2.inl">
      <Filter>ThirdParties\glm\glm\detail</Filter>
    </ClInclude>
    <ClInclude Include="ThirdParties\glm\glm\detail\type_mat4x3.hpp">
      <Filter>ThirdParties\glm\glm\detail</Filter>
    </ClInclude>
    <ClInclude Include="ThirdParties\glm\glm\detail\type_mat4x3.inl">
      <Filter>ThirdParties\glm\glm\detail</Filter>
    </ClInclude>
    <ClInclude Include="ThirdParties\glm\glm\detail\type_mat4x4.hpp">
      <Filter>ThirdParties\glm\glm\detail</Filter>
    </ClInclude>
    <ClInclude Include="ThirdParties\glm\glm\detail\type_mat4x4.inl">
      <Filter>ThirdParties\glm\glm\detail</Filter>
    </ClInclude>
    <ClInclude Include="ThirdParties\glm\glm\detail\type_mat4x4_simd.inl">
      <Filter>ThirdParties\glm\glm\detail</Filter>
    </ClInclude>
    <ClInclude Include="ThirdParties\glm\glm\detail\type_quat.hpp">
      <Filter>ThirdParties\glm\glm\detail</Filter>
    </ClInclude>
    <ClInclude Include="ThirdParties\glm\glm\detail\type_quat.inl">
      <Filter>ThirdParties\glm\glm\detail</Filter>
    </ClInclude>
    <ClInclude Include="ThirdParties\glm\glm\detail\type_quat_simd.inl">
      <Filter>ThirdParties\glm\glm\detail</Filter>
    </ClInclude>
    <ClInclude Include="ThirdParties\glm\glm\detail\type_vec1.hpp">
      <Filter>ThirdParties\glm\glm\detail</Filter>
    </ClInclude>
    <ClInclude Include="ThirdParties\glm\glm\detail\type_vec1.inl">
      <Filter>ThirdParties\glm\glm\detail</Filter>
    </ClInclude>
    <ClInclude Include="ThirdParties\glm\glm\detail\type_vec2.hpp">
      <Filter>ThirdParties\glm\glm\detail</Filter>
    </ClInclude>
    <ClInclude Include="ThirdParties\glm\glm\detail\type_vec2.inl">
      <Filter>ThirdParties\glm\glm\detail</Filter>
    </ClInclude>
    <ClInclude Include="ThirdParties\glm\glm\detail\type_vec3.hpp">
      <Filter>ThirdParties\glm\glm\detail</Filter>
    </ClInclude>
    <ClInclude Include="ThirdParties\glm\glm\detail\type_vec3.inl">
      <Filter>ThirdParties\glm\glm\detail</Filter>
    </ClInclude>
    <ClInclude Include="ThirdParties\glm\glm\detail\type_vec4.hpp">
      <Filter>ThirdParties\glm\glm\detail</Filter>
    </ClInclude>
    <ClInclude Include="ThirdParties\glm\glm\detail\type_vec4.inl">
      <Filter>ThirdParties\glm\glm\detail</Filter>
    </ClInclude>
    <ClInclude Include="ThirdParties\glm\glm\detail\type_vec4_simd.inl">
      <Filter>ThirdParties\glm\glm\detail</Filter>
    </ClInclude>
    <ClInclude Include="ThirdParties\glm\glm\exponential.hpp">
      <Filter>ThirdParties\glm\glm</Filter>
    </ClInclude>
    <ClInclude Include="ThirdParties\glm\glm\ext.hpp">
      <Filter>ThirdParties\glm\glm</Filter>
    </ClInclude>
    <ClInclude Include="ThirdParties\glm\glm\ext\_matrix_vectorize.hpp">
      <Filter>ThirdParties\glm\glm\ext</Filter>
    </ClInclude>
    <ClInclude Include="ThirdParties\glm\glm\ext\matrix_clip_space.hpp">
      <Filter>ThirdParties\glm\glm\ext</Filter>
    </ClInclude>
    <ClInclude Include="ThirdParties\glm\glm\ext\matrix_clip_space.inl">
      <Filter>ThirdParties\glm\glm\ext</Filter>
    </ClInclude>
    <ClInclude Include="ThirdParties\glm\glm\ext\matrix_common.hpp">
      <Filter>ThirdParties\glm\glm\ext</Filter>
    </ClInclude>
    <ClInclude Include="ThirdParties\glm\glm\ext\matrix_common.inl">
      <Filter>ThirdParties\glm\glm\ext</Filter>
    </ClInclude>
    <ClInclude Include="ThirdParties\glm\glm\ext\matrix_double2x2.hpp">
      <Filter>ThirdParties\glm\glm\ext</Filter>
    </ClInclude>
    <ClInclude Include="ThirdParties\glm\glm\ext\matrix_double2x2_precision.hpp">
      <Filter>ThirdParties\glm\glm\ext</Filter>
    </ClInclude>
    <ClInclude Include="ThirdParties\glm\glm\ext\matrix_double2x3.hpp">
      <Filter>ThirdParties\glm\glm\ext</Filter>
    </ClInclude>
    <ClInclude Include="ThirdParties\glm\glm\ext\matrix_double2x3_precision.hpp">
      <Filter>ThirdParties\glm\glm\ext</Filter>
    </ClInclude>
    <ClInclude Include="ThirdParties\glm\glm\ext\matrix_double2x4.hpp">
      <Filter>ThirdParties\glm\glm\ext</Filter>
    </ClInclude>
    <ClInclude Include="ThirdParties\glm\glm\ext\matrix_double2x4_precision.hpp">
      <Filter>ThirdParties\glm\glm\ext</Filter>
    </ClInclude>
    <ClInclude Include="ThirdParties\glm\glm\ext\matrix_double3x2.hpp">
      <Filter>ThirdParties\glm\glm\ext</Filter>
    </ClInclude>
    <ClInclude Include="ThirdParties\glm\glm\ext\matrix_double3x2_precision.hpp">
      <Filter>ThirdParties\glm\glm\ext</Filter>
    </ClInclude>
    <ClInclude Include="ThirdParties\glm\glm\ext\matrix_double3x3.hpp">
      <Filter>ThirdParties\glm\glm\ext</Filter>
    </ClInclude>
    <ClInclude Include="ThirdParties\glm\glm\ext\matrix_double3x3_precision.hpp">
      <Filter>ThirdParties\glm\glm\ext</Filter>
    </ClInclude>
    <ClInclude Include="ThirdParties\glm\glm\ext\matrix_double3x4.hpp">
      <Filter>ThirdParties\glm\glm\ext</Filter>
    </ClInclude>
    <ClInclude Include="ThirdParties\glm\glm\ext\matrix_double3x4_precision.hpp">
      <Filter>ThirdParties\glm\glm\ext</Filter>
    </ClInclude>
    <ClInclude Include="ThirdParties\glm\glm\ext\matrix_double4x2.hpp">
      <Filter>ThirdParties\glm\glm\ext</Filter>
    </ClInclude>
    <ClInclude Include="ThirdParties\glm\glm\ext\matrix_double4x2_precision.hpp">
      <Filter>ThirdParties\glm\glm\ext</Filter>
    </ClInclude>
    <ClInclude Include="ThirdParties\glm\glm\ext\matrix_double4x3.hpp">
      <Filter>ThirdParties\glm\glm\ext</Filter>
    </ClInclude>
    <ClInclude Include="ThirdParties\glm\glm\ext\matrix_double4x3_precision.hpp">
      <Filter>ThirdParties\glm\glm\ext</Filter>
    </ClInclude>
    <ClInclude Include="ThirdParties\glm\glm\ext\matrix_double4x4.hpp">
      <Filter>ThirdParties\glm\glm\ext</Filter>
    </ClInclude>
    <ClInclude Include="ThirdParties\glm\glm\ext\matrix_double4x4_precision.hpp">
      <Filter>ThirdParties\glm\glm\ext</Filter>
    </ClInclude>
    <ClInclude Include="ThirdParties\glm\glm\ext\matrix_float2x2.hpp">
      <Filter>ThirdParties\glm\glm\ext</Filter>
    </ClInclude>
    <ClInclude Include="ThirdParties\glm\glm\ext\matrix_float2x2_precision.hpp">
      <Filter>ThirdParties\glm\glm\ext</Filter>
    </ClInclude>
    <ClInclude Include="ThirdParties\glm\glm\ext\matrix_float2x3.hpp">
      <Filter>ThirdParties\glm\glm\ext</Filter>
    </ClInclude>
    <ClInclude Include="ThirdParties\glm\glm\ext\matrix_float2x3_precision.hpp">
      <Filter>ThirdParties\glm\glm\ext</Filter>
    </ClInclude>
    <ClInclude Include="ThirdParties\glm\glm\ext\matrix_float2x4.hpp">
      <Filter>ThirdParties\glm\glm\ext</Filter>
    </ClInclude>
    <ClInclude Include="ThirdParties\glm\glm\ext\matrix_float2x4_precision.hpp">
      <Filter>ThirdParties\glm\glm\ext</Filter>
    </ClInclude>
    <ClInclude Include="ThirdParties\glm\glm\ext\matrix_float3x2.hpp">
      <Filter>ThirdParties\glm\glm\ext</Filter>
    </ClInclude>
    <ClInclude Include="ThirdParties\glm\glm\ext\matrix_float3x2_precision.hpp">
      <Filter>ThirdParties\glm\glm\ext</Filter>
    </ClInclude>
    <ClInclude Include="ThirdParties\glm\glm\ext\matrix_float3x3.hpp">
      <Filter>ThirdParties\glm\glm\ext</Filter>
    </ClInclude>
    <ClInclude Include="ThirdParties\glm\glm\ext\matrix_float3x3_precision.hpp">
      <Filter>ThirdParties\glm\glm\ext</Filter>
    </ClInclude>
    <ClInclude Include="ThirdParties\glm\glm\ext\matrix_float3x4.hpp">
      <Filter>ThirdParties\glm\glm\ext</Filter>
    </ClInclude>
    <ClInclude Include="ThirdParties\glm\glm\ext\matrix_float3x4_precision.hpp">
      <Filter>ThirdParties\glm\glm\ext</Filter>
    </ClInclude>
    <ClInclude Include="ThirdParties\glm\glm\ext\matrix_float4x2.hpp">
      <Filter>ThirdParties\glm\glm\ext</Filter>
    </ClInclude>
    <ClInclude Include="ThirdParties\glm\glm\ext\matrix_float4x2_precision.hpp">
      <Filter>ThirdParties\glm\glm\ext</Filter>
    </ClInclude>
    <ClInclude Include="ThirdParties\glm\glm\ext\matrix_float4x3.hpp">
      <Filter>ThirdParties\glm\glm\ext</Filter>
    </ClInclude>
    <ClInclude Include="ThirdParties\glm\glm\ext\matrix_float4x3_precision.hpp">
      <Filter>ThirdParties\glm\glm\ext</Filter>
    </ClInclude>
    <ClInclude Include="ThirdParties\glm\glm\ext\matrix_float4x4.hpp">
      <Filter>ThirdParties\glm\glm\ext</Filter>
    </ClInclude>
    <ClInclude Include="ThirdParties\glm\glm\ext\matrix_float4x4_precision.hpp">
      <Filter>ThirdParties\glm\glm\ext</Filter>
    </ClInclude>
    <ClInclude Include="ThirdParties\glm\glm\ext\matrix_int2x2.hpp">
      <Filter>ThirdParties\glm\glm\ext</Filter>
    </ClInclude>
    <ClInclude Include="ThirdParties\glm\glm\ext\matrix_int2x2_sized.hpp">
      <Filter>ThirdParties\glm\glm\ext</Filter>
    </ClInclude>
    <ClInclude Include="ThirdParties\glm\glm\ext\matrix_int2x3.hpp">
      <Filter>ThirdParties\glm\glm\ext</Filter>
    </ClInclude>
    <ClInclude Include="ThirdParties\glm\glm\ext\matrix_int2x3_sized.hpp">
      <Filter>ThirdParties\glm\glm\ext</Filter>
    </ClInclude>
    <ClInclude Include="ThirdParties\glm\glm\ext\matrix_int2x4.hpp">
      <Filter>ThirdParties\glm\glm\ext</Filter>
    </ClInclude>
    <ClInclude Include="ThirdParties\glm\glm\ext\matrix_int2x4_sized.hpp">
      <Filter>ThirdParties\glm\glm\ext</Filter>
    </ClInclude>
    <ClInclude Include="ThirdParties\glm\glm\ext\matrix_int3x2.hpp">
      <Filter>ThirdParties\glm\glm\ext</Filter>
    </ClInclude>
    <ClInclude Include="ThirdParties\glm\glm\ext\matrix_int3x2_sized.hpp">
      <Filter>ThirdParties\glm\glm\ext</Filter>
    </ClInclude>
    <ClInclude Include="ThirdParties\glm\glm\ext\matrix_int3x3.hpp">
      <Filter>ThirdParties\glm\glm\ext</Filter>
    </ClInclude>
    <ClInclude Include="ThirdParties\glm\glm\ext\matrix_int3x3_sized.hpp">
      <Filter>ThirdParties\glm\glm\ext</Filter>
    </ClInclude>
    <ClInclude Include="ThirdParties\glm\glm\ext\matrix_int3x4.hpp">
      <Filter>ThirdParties\glm\glm\ext</Filter>
    </ClInclude>
    <ClInclude Include="ThirdParties\glm\glm\ext\matrix_int3x4_sized.hpp">
      <Filter>ThirdParties\glm\glm\ext</Filter>
    </ClInclude>
    <ClInclude Include="ThirdParties\glm\glm\ext\matrix_int4x2.hpp">
      <Filter>ThirdParties\glm\glm\ext</Filter>
    </ClInclude>
    <ClInclude Include="ThirdParties\glm\glm\ext\matrix_int4x2_sized.hpp">
      <Filter>ThirdParties\glm\glm\ext</Filter>
    </ClInclude>
    <ClInclude Include="ThirdParties\glm\glm\ext\matrix_int4x3.hpp">
      <Filter>ThirdParties\glm\glm\ext</Filter>
    </ClInclude>
    <ClInclude Include="ThirdParties\glm\glm\ext\matrix_int4x3_sized.hpp">
      <Filter>ThirdParties\glm\glm\ext</Filter>
    </ClInclude>
    <ClInclude Include="ThirdParties\glm\glm\ext\matrix_int4x4.hpp">
      <Filter>ThirdParties\glm\glm\ext</Filter>
    </ClInclude>
    <ClInclude Include="ThirdParties\glm\glm\ext\matrix_int4x4_sized.hpp">
      <Filter>ThirdParties\glm\glm\ext</Filter>
    </ClInclude>
    <ClInclude Include="ThirdParties\glm\glm\ext\matrix_integer.hpp">
      <Filter>ThirdParties\glm\glm\ext</Filter>
    </ClInclude>
    <ClInclude Include="ThirdParties\glm\glm\ext\matrix_integer.inl">
      <Filter>ThirdParties\glm\glm\ext</Filter>
    </ClInclude>
    <ClInclude Include="ThirdParties\glm\glm\ext\matrix_projection.hpp">
      <Filter>ThirdParties\glm\glm\ext</Filter>
    </ClInclude>
    <ClInclude Include="ThirdParties\glm\glm\ext\matrix_projection.inl">
      <Filter>ThirdParties\glm\glm\ext</Filter>
    </ClInclude>
    <ClInclude Include="ThirdParties\glm\glm\ext\matrix_relational.hpp">
      <Filter>ThirdParties\glm\glm\ext</Filter>
    </ClInclude>
    <ClInclude Include="ThirdParties\glm\glm\ext\matrix_relational.inl">
      <Filter>ThirdParties\glm\glm\ext</Filter>
    </ClInclude>
    <ClInclude Include="ThirdParties\glm\glm\ext\matrix_transform.hpp">
      <Filter>ThirdParties\glm\glm\ext</Filter>
    </ClInclude>
    <ClInclude Include="ThirdParties\glm\glm\ext\matrix_transform.inl">
      <Filter>ThirdParties\glm\glm\ext</Filter>
    </ClInclude>
    <ClInclude Include="ThirdParties\glm\glm\ext\matrix_uint2x2.hpp">
      <Filter>ThirdParties\glm\glm\ext</Filter>
    </ClInclude>
    <ClInclude Include="ThirdParties\glm\glm\ext\matrix_uint2x2_sized.hpp">
      <Filter>ThirdParties\glm\glm\ext</Filter>
    </ClInclude>
    <ClInclude Include="ThirdParties\glm\glm\ext\matrix_uint2x3.hpp">
      <Filter>ThirdParties\glm\glm\ext</Filter>
    </ClInclude>
    <ClInclude Include="ThirdParties\glm\glm\ext\matrix_uint2x3_sized.hpp">
      <Filter>ThirdParties\glm\glm\ext</Filter>
    </ClInclude>
    <ClInclude Include="ThirdParties\glm\glm\ext\matrix_uint2x4.hpp">
      <Filter>ThirdParties\glm\glm\ext</Filter>
    </ClInclude>
    <ClInclude Include="ThirdParties\glm\glm\ext\matrix_uint2x4_sized.hpp">
      <Filter>ThirdParties\glm\glm\ext</Filter>
    </ClInclude>
    <ClInclude Include="ThirdParties\glm\glm\ext\matrix_uint3x2.hpp">
      <Filter>ThirdParties\glm\glm\ext</Filter>
    </ClInclude>
    <ClInclude Include="ThirdParties\glm\glm\ext\matrix_uint3x2_sized.hpp">
      <Filter>ThirdParties\glm\glm\ext</Filter>
    </ClInclude>
    <ClInclude Include="ThirdParties\glm\glm\ext\matrix_uint3x3.hpp">
      <Filter>ThirdParties\glm\glm\ext</Filter>
    </ClInclude>
    <ClInclude Include="ThirdParties\glm\glm\ext\matrix_uint3x3_sized.hpp">
      <Filter>ThirdParties\glm\glm\ext</Filter>
    </ClInclude>
    <ClInclude Include="ThirdParties\glm\glm\ext\matrix_uint3x4.hpp">
      <Filter>ThirdParties\glm\glm\ext</Filter>
    </ClInclude>
    <ClInclude Include="ThirdParties\glm\glm\ext\matrix_uint3x4_sized.hpp">
      <Filter>ThirdParties\glm\glm\ext</Filter>
    </ClInclude>
    <ClInclude Include="ThirdParties\glm\glm\ext\matrix_uint4x2.hpp">
      <Filter>ThirdParties\glm\glm\ext</Filter>
    </ClInclude>
    <ClInclude Include="ThirdParties\glm\glm\ext\matrix_uint4x2_sized.hpp">
      <Filter>ThirdParties\glm\glm\ext</Filter>
    </ClInclude>
    <ClInclude Include="ThirdParties\glm\glm\ext\matrix_uint4x3.hpp">
      <Filter>ThirdParties\glm\glm\ext</Filter>
    </ClInclude>
    <ClInclude Include="ThirdParties\glm\glm\ext\matrix_uint4x3_sized.hpp">
      <Filter>ThirdParties\glm\glm\ext</Filter>
    </ClInclude>
    <ClInclude Include="ThirdParties\glm\glm\ext\matrix_uint4x4.hpp">
      <Filter>ThirdParties\glm\glm\ext</Filter>
    </ClInclude>
    <ClInclude Include="ThirdParties\glm\glm\ext\matrix_uint4x4_sized.hpp">
      <Filter>ThirdParties\glm\glm\ext</Filter>
    </ClInclude>
    <ClInclude Include="ThirdParties\glm\glm\ext\quaternion_common.hpp">
      <Filter>ThirdParties\glm\glm\ext</Filter>
    </ClInclude>
    <ClInclude Include="ThirdParties\glm\glm\ext\quaternion_common.inl">
      <Filter>ThirdParties\glm\glm\ext</Filter>
    </ClInclude>
    <ClInclude Include="ThirdParties\glm\glm\ext\quaternion_common_simd.inl">
      <Filter>ThirdParties\glm\glm\ext</Filter>
    </ClInclude>
    <ClInclude Include="ThirdParties\glm\glm\ext\quaternion_double.hpp">
      <Filter>ThirdParties\glm\glm\ext</Filter>
    </ClInclude>
    <ClInclude Include="ThirdParties\glm\glm\ext\quaternion_double_precision.hpp">
      <Filter>ThirdParties\glm\glm\ext</Filter>
    </ClInclude>
    <ClInclude Include="ThirdParties\glm\glm\ext\quaternion_exponential.hpp">
      <Filter>ThirdParties\glm\glm\ext</Filter>
    </ClInclude>
    <ClInclude Include="ThirdParties\glm\glm\ext\quaternion_exponential.inl">
      <Filter>ThirdParties\glm\glm\ext</Filter>
    </ClInclude>
    <ClInclude Include="ThirdParties\glm\glm\ext\quaternion_float.hpp">
      <Filter>ThirdParties\glm\glm\ext</Filter>
    </ClInclude>
    <ClInclude Include="ThirdParties\glm\glm\ext\quaternion_float_precision.hpp">
      <Filter>ThirdParties\glm\glm\ext</Filter>
    </ClInclude>
    <ClInclude Include="ThirdParties\glm\glm\ext\quaternion_geometric.hpp">
      <Filter>ThirdParties\glm\glm\ext</Filter>
    </ClInclude>
    <ClInclude Include="ThirdParties\glm\glm\ext\quaternion_geometric.inl">
      <Filter>ThirdParties\glm\glm\ext</Filter>
    </ClInclude>
    <ClInclude Include="ThirdParties\glm\glm\ext\quaternion_relational.hpp">
      <Filter>ThirdParties\glm\glm\ext</Filter>
    </ClInclude>
    <ClInclude Include="ThirdParties\glm\glm\ext\quaternion_relational.inl">
      <Filter>ThirdParties\glm\glm\ext</Filter>
    </ClInclude>
    <ClInclude Include="ThirdParties\glm\glm\ext\quaternion_transform.hpp">
      <Filter>ThirdParties\glm\glm\ext</Filter>
    </ClInclude>
    <ClInclude Include="ThirdParties\glm\glm\ext\quaternion_transform.inl">
      <Filter>ThirdParties\glm\glm\ext</Filter>
    </ClInclude>
    <ClInclude Include="ThirdParties\glm\glm\ext\quaternion_trigonometric.hpp">
      <Filter>ThirdParties\glm\glm\ext</Filter>
    </ClInclude>
    <ClInclude Include="ThirdParties\glm\glm\ext\quaternion_trigonometric.inl">
      <Filter>ThirdParties\glm\glm\ext</Filter>
    </ClInclude>
    <ClInclude Include="ThirdParties\glm\glm\ext\scalar_common.hpp">
      <Filter>ThirdParties\glm\glm\ext</Filter>
    </ClInclude>
    <ClInclude Include="ThirdParties\glm\glm\ext\scalar_common.inl">
      <Filter>ThirdParties\glm\glm\ext</Filter>
    </ClInclude>
    <ClInclude Include="ThirdParties\glm\glm\ext\scalar_constants.hpp">
      <Filter>ThirdParties\glm\glm\ext</Filter>
    </ClInclude>
    <ClInclude Include="ThirdParties\glm\glm\ext\scalar_constants.inl">
      <Filter>ThirdParties\glm\glm\ext</Filter>
    </ClInclude>
    <ClInclude Include="ThirdParties\glm\glm\ext\scalar_int_sized.hpp">
      <Filter>ThirdParties\glm\glm\ext</Filter>
    </ClInclude>
    <ClInclude Include="ThirdParties\glm\glm\ext\scalar_integer.hpp">
      <Filter>ThirdParties\glm\glm\ext</Filter>
    </ClInclude>
    <ClInclude Include="ThirdParties\glm\glm\ext\scalar_integer.inl">
      <Filter>ThirdParties\glm\glm\ext</Filter>
    </ClInclude>
    <ClInclude Include="ThirdParties\glm\glm\ext\scalar_packing.hpp">
      <Filter>ThirdParties\glm\glm\ext</Filter>
    </ClInclude>
    <ClInclude Include="ThirdParties\glm\glm\ext\scalar_packing.inl">
      <Filter>ThirdParties\glm\glm\ext</Filter>
    </ClInclude>
    <ClInclude Include="ThirdParties\glm\glm\ext\scalar_reciprocal.hpp">
      <Filter>ThirdParties\glm\glm\ext</Filter>
    </ClInclude>
    <ClInclude Include="ThirdParties\glm\glm\ext\scalar_reciprocal.inl">
      <Filter>ThirdParties\glm\glm\ext</Filter>
    </ClInclude>
    <ClInclude Include="ThirdParties\glm\glm\ext\scalar_relational.hpp">
      <Filter>ThirdParties\glm\glm\ext</Filter>
    </ClInclude>
    <ClInclude Include="ThirdParties\glm\glm\ext\scalar_relational.inl">
      <Filter>ThirdParties\glm\glm\ext</Filter>
    </ClInclude>
    <ClInclude Include="ThirdParties\glm\glm\ext\scalar_uint_sized.hpp">
      <Filter>ThirdParties\glm\glm\ext</Filter>
    </ClInclude>
    <ClInclude Include="ThirdParties\glm\glm\ext\scalar_ulp.hpp">
      <Filter>ThirdParties\glm\glm\ext</Filter>
    </ClInclude>
    <ClInclude Include="ThirdParties\glm\glm\ext\scalar_ulp.inl">
      <Filter>ThirdParties\glm\glm\ext</Filter>
    </ClInclude>
    <ClInclude Include="ThirdParties\glm\glm\ext\vector_bool1.hpp">
      <Filter>ThirdParties\glm\glm\ext</Filter>
    </ClInclude>
    <ClInclude Include="ThirdParties\glm\glm\ext\vector_bool1_precision.hpp">
      <Filter>ThirdParties\glm\glm\ext</Filter>
    </ClInclude>
    <ClInclude Include="ThirdParties\glm\glm\ext\vector_bool2.hpp">
      <Filter>ThirdParties\glm\glm\ext</Filter>
    </ClInclude>
    <ClInclude Include="ThirdParties\glm\glm\ext\vector_bool2_precision.hpp">
      <Filter>ThirdParties\glm\glm\ext</Filter>
    </ClInclude>
    <ClInclude Include="ThirdParties\glm\glm\ext\vector_bool3.hpp">
      <Filter>ThirdParties\glm\glm\ext</Filter>
    </ClInclude>
    <ClInclude Include="ThirdParties\glm\glm\ext\vector_bool3_precision.hpp">
      <Filter>ThirdParties\glm\glm\ext</Filter>
    </ClInclude>
    <ClInclude Include="ThirdParties\glm\glm\ext\vector_bool4.hpp">
      <Filter>ThirdParties\glm\glm\ext</Filter>
    </ClInclude>
    <ClInclude Include="ThirdParties\glm\glm\ext\vector_bool4_precision.hpp">
      <Filter>ThirdParties\glm\glm\ext</Filter>
    </ClInclude>
    <ClInclude Include="ThirdParties\glm\glm\ext\vector_common.hpp">
      <Filter>ThirdParties\glm\glm\ext</Filter>
    </ClInclude>
    <ClInclude Include="ThirdParties\glm\glm\ext\vector_common.inl">
      <Filter>ThirdParties\glm\glm\ext</Filter>
    </ClInclude>
    <ClInclude Include="ThirdParties\glm\glm\ext\vector_double1.hpp">
      <Filter>ThirdParties\glm\glm\ext</Filter>
    </ClInclude>
    <ClInclude Include="ThirdParties\glm\glm\ext\vector_double1_precision.hpp">
      <Filter>ThirdParties\glm\glm\ext</Filter>
    </ClInclude>
    <ClInclude Include="ThirdParties\glm\glm\ext\vector_double2.hpp">
      <Filter>ThirdParties\glm\glm\ext</Filter>
    </ClInclude>
    <ClInclude Include="ThirdParties\glm\glm\ext\vector_double2_precision.hpp">
      <Filter>ThirdParties\glm\glm\ext</Filter>
    </ClInclude>
    <ClInclude Include="ThirdParties\glm\glm\ext\vector_double3.hpp">
      <Filter>ThirdParties\glm\glm\ext</Filter>
    </ClInclude>
    <ClInclude Include="ThirdParties\glm\glm\ext\vector_double3_precision.hpp">
      <Filter>ThirdParties\glm\glm\ext</Filter>
    </ClInclude>
    <ClInclude Include="ThirdParties\glm\glm\ext\vector_double4.hpp">
      <Filter>ThirdParties\glm\glm\ext</Filter>
    </ClInclude>
    <ClInclude Include="ThirdParties\glm\glm\ext\vector_double4_precision.hpp">
      <Filter>ThirdParties\glm\glm\ext</Filter>
    </ClInclude>
    <ClInclude Include="ThirdParties\glm\glm\ext\vector_float1.hpp">
      <Filter>ThirdParties\glm\glm\ext</Filter>
    </ClInclude>
    <ClInclude Include="ThirdParties\glm\glm\ext\vector_float1_precision.hpp">
      <Filter>ThirdParties\glm\glm\ext</Filter>
    </ClInclude>
    <ClInclude Include="ThirdParties\glm\glm\ext\vector_float2.hpp">
      <Filter>ThirdParties\glm\glm\ext</Filter>
    </ClInclude>
    <ClInclude Include="ThirdParties\glm\glm\ext\vector_float2_precision.hpp">
      <Filter>ThirdParties\glm\glm\ext</Filter>
    </ClInclude>
    <ClInclude Include="ThirdParties\glm\glm\ext\vector_float3.hpp">
      <Filter>ThirdParties\glm\glm\ext</Filter>
    </ClInclude>
    <ClInclude Include="ThirdParties\glm\glm\ext\vector_float3_precision.hpp">
      <Filter>ThirdParties\glm\glm\ext</Filter>
    </ClInclude>
    <ClInclude Include="ThirdParties\glm\glm\ext\vector_float4.hpp">
      <Filter>ThirdParties\glm\glm\ext</Filter>
    </ClInclude>
    <ClInclude Include="ThirdParties\glm\glm\ext\vector_float4_precision.hpp">
      <Filter>ThirdParties\glm\glm\ext</Filter>
    </ClInclude>
    <ClInclude Include="ThirdParties\glm\glm\ext\vector_int1.hpp">
      <Filter>ThirdParties\glm\glm\ext</Filter>
    </ClInclude>
    <ClInclude Include="ThirdParties\glm\glm\ext\vector_int1_sized.hpp">
      <Filter>ThirdParties\glm\glm\ext</Filter>
    </ClInclude>
    <ClInclude Include="ThirdParties\glm\glm\ext\vector_int2.hpp">
      <Filter>ThirdParties\glm\glm\ext</Filter>
    </ClInclude>
    <ClInclude Include="ThirdParties\glm\glm\ext\vector_int2_sized.hpp">
      <Filter>ThirdParties\glm\glm\ext</Filter>
    </ClInclude>
    <ClInclude Include="ThirdParties\glm\glm\ext\vector_int3.hpp">
      <Filter>ThirdParties\glm\glm\ext</Filter>
    </ClInclude>
    <ClInclude Include="ThirdParties\glm\glm\ext\vector_int3_sized.hpp">
      <Filter>ThirdParties\glm\glm\ext</Filter>
    </ClInclude>
    <ClInclude Include="ThirdParties\glm\glm\ext\vector_int4.hpp">
      <Filter>ThirdParties\glm\glm\ext</Filter>
    </ClInclude>
    <ClInclude Include="ThirdParties\glm\glm\ext\vector_int4_sized.hpp">
      <Filter>ThirdParties\glm\glm\ext</Filter>
    </ClInclude>
    <ClInclude Include="ThirdParties\glm\glm\ext\vector_integer.hpp">
      <Filter>ThirdParties\glm\glm\ext</Filter>
    </ClInclude>
    <ClInclude Include="ThirdParties\glm\glm\ext\vector_integer.inl">
      <Filter>ThirdParties\glm\glm\ext</Filter>
    </ClInclude>
    <ClInclude Include="ThirdParties\glm\glm\ext\vector_packing.hpp">
      <Filter>ThirdParties\glm\glm\ext</Filter>
    </ClInclude>
    <ClInclude Include="ThirdParties\glm\glm\ext\vector_packing.inl">
      <Filter>ThirdParties\glm\glm\ext</Filter>
    </ClInclude>
    <ClInclude Include="ThirdParties\glm\glm\ext\vector_reciprocal.hpp">
      <Filter>ThirdParties\glm\glm\ext</Filter>
    </ClInclude>
    <ClInclude Include="ThirdParties\glm\glm\ext\vector_reciprocal.inl">
      <Filter>ThirdParties\glm\glm\ext</Filter>
    </ClInclude>
    <ClInclude Include="ThirdParties\glm\glm\ext\vector_relational.hpp">
      <Filter>ThirdParties\glm\glm\ext</Filter>
    </ClInclude>
    <ClInclude Include="ThirdParties\glm\glm\ext\vector_relational.inl">
      <Filter>ThirdParties\glm\glm\ext</Filter>
    </ClInclude>
    <ClInclude Include="ThirdParties\glm\glm\ext\vector_uint1.hpp">
      <Filter>ThirdParties\glm\glm\ext</Filter>
    </ClInclude>
    <ClInclude Include="ThirdParties\glm\glm\ext\vector_uint1_sized.hpp">
      <Filter>ThirdParties\glm\glm\ext</Filter>
    </ClInclude>
    <ClInclude Include="ThirdParties\glm\glm\ext\vector_uint2.hpp">
      <Filter>ThirdParties\glm\glm\ext</Filter>
    </ClInclude>
    <ClInclude Include="ThirdParties\glm\glm\ext\vector_uint2_sized.hpp">
      <Filter>ThirdParties\glm\glm\ext</Filter>
    </ClInclude>
    <ClInclude Include="ThirdParties\glm\glm\ext\vector_uint3.hpp">
      <Filter>ThirdParties\glm\glm\ext</Filter>
    </ClInclude>
    <ClInclude Include="ThirdParties\glm\glm\ext\vector_uint3_sized.hpp">
      <Filter>ThirdParties\glm\glm\ext</Filter>
    </ClInclude>
    <ClInclude Include="ThirdParties\glm\glm\ext\vector_uint4.hpp">
      <Filter>ThirdParties\glm\glm\ext</Filter>
    </ClInclude>
    <ClInclude Include="ThirdParties\glm\glm\ext\vector_uint4_sized.hpp">
      <Filter>ThirdParties\glm\glm\ext</Filter>
    </ClInclude>
    <ClInclude Include="ThirdParties\glm\glm\ext\vector_ulp.hpp">
      <Filter>ThirdParties\glm\glm\ext</Filter>
    </ClInclude>
    <ClInclude Include="ThirdParties\glm\glm\ext\vector_ulp.inl">
      <Filter>ThirdParties\glm\glm\ext</Filter>
    </ClInclude>
    <ClInclude Include="ThirdParties\glm\glm\fwd.hpp">
      <Filter>ThirdParties\glm\glm</Filter>
    </ClInclude>
    <ClInclude Include="ThirdParties\glm\glm\geometric.hpp">
      <Filter>ThirdParties\glm\glm</Filter>
    </ClInclude>
    <ClInclude Include="ThirdParties\glm\glm\glm.hpp">
      <Filter>ThirdParties\glm\glm</Filter>
    </ClInclude>
    <ClInclude Include="ThirdParties\glm\glm\gtc\bitfield.hpp">
      <Filter>ThirdParties\glm\glm\gtc</Filter>
    </ClInclude>
    <ClInclude Include="ThirdParties\glm\glm\gtc\bitfield.inl">
      <Filter>ThirdParties\glm\glm\gtc</Filter>
    </ClInclude>
    <ClInclude Include="ThirdParties\glm\glm\gtc\color_space.hpp">
      <Filter>ThirdParties\glm\glm\gtc</Filter>
    </ClInclude>
    <ClInclude Include="ThirdParties\glm\glm\gtc\color_space.inl">
      <Filter>ThirdParties\glm\glm\gtc</Filter>
    </ClInclude>
    <ClInclude Include="ThirdParties\glm\glm\gtc\constants.hpp">
      <Filter>ThirdParties\glm\glm\gtc</Filter>
    </ClInclude>
    <ClInclude Include="ThirdParties\glm\glm\gtc\constants.inl">
      <Filter>ThirdParties\glm\glm\gtc</Filter>
    </ClInclude>
    <ClInclude Include="ThirdParties\glm\glm\gtc\epsilon.hpp">
      <Filter>ThirdParties\glm\glm\gtc</Filter>
    </ClInclude>
    <ClInclude Include="ThirdParties\glm\glm\gtc\epsilon.inl">
      <Filter>ThirdParties\glm\glm\gtc</Filter>
    </ClInclude>
    <ClInclude Include="ThirdParties\glm\glm\gtc\integer.hpp">
      <Filter>ThirdParties\glm\glm\gtc</Filter>
    </ClInclude>
    <ClInclude Include="ThirdParties\glm\glm\gtc\integer.inl">
      <Filter>ThirdParties\glm\glm\gtc</Filter>
    </ClInclude>
    <ClInclude Include="ThirdParties\glm\glm\gtc\matrix_access.hpp">
      <Filter>ThirdParties\glm\glm\gtc</Filter>
    </ClInclude>
    <ClInclude Include="ThirdParties\glm\glm\gtc\matrix_access.inl">
      <Filter>ThirdParties\glm\glm\gtc</Filter>
    </ClInclude>
    <ClInclude Include="ThirdParties\glm\glm\gtc\matrix_integer.hpp">
      <Filter>ThirdParties\glm\glm\gtc</Filter>
    </ClInclude>
    <ClInclude Include="ThirdParties\glm\glm\gtc\matrix_inverse.hpp">
      <Filter>ThirdParties\glm\glm\gtc</Filter>
    </ClInclude>
    <ClInclude Include="ThirdParties\glm\glm\gtc\matrix_inverse.inl">
      <Filter>ThirdParties\glm\glm\gtc</Filter>
    </ClInclude>
    <ClInclude Include="ThirdParties\glm\glm\gtc\matrix_transform.hpp">
      <Filter>ThirdParties\glm\glm\gtc</Filter>
    </ClInclude>
    <ClInclude Include="ThirdParties\glm\glm\gtc\matrix_transform.inl">
      <Filter>ThirdParties\glm\glm\gtc</Filter>
    </ClInclude>
    <ClInclude Include="ThirdParties\glm\glm\gtc\noise.hpp">
      <Filter>ThirdParties\glm\glm\gtc</Filter>
    </ClInclude>
    <ClInclude Include="ThirdParties\glm\glm\gtc\noise.inl">
      <Filter>ThirdParties\glm\glm\gtc</Filter>
    </ClInclude>
    <ClInclude Include="ThirdParties\glm\glm\gtc\packing.hpp">
      <Filter>ThirdParties\glm\glm\gtc</Filter>
    </ClInclude>
    <ClInclude Include="ThirdParties\glm\glm\gtc\packing.inl">
      <Filter>ThirdParties\glm\glm\gtc</Filter>
    </ClInclude>
    <ClInclude Include="ThirdParties\glm\glm\gtc\quaternion.hpp">
      <Filter>ThirdParties\glm\glm\gtc</Filter>
    </ClInclude>
    <ClInclude Include="ThirdParties\glm\glm\gtc\quaternion.inl">
      <Filter>ThirdParties\glm\glm\gtc</Filter>
    </ClInclude>
    <ClInclude Include="ThirdParties\glm\glm\gtc\quaternion_simd.inl">
      <Filter>ThirdParties\glm\glm\gtc</Filter>
    </ClInclude>
    <ClInclude Include="ThirdParties\glm\glm\gtc\random.hpp">
      <Filter>ThirdParties\glm\glm\gtc</Filter>
    </ClInclude>
    <ClInclude Include="ThirdParties\glm\glm\gtc\random.inl">
      <Filter>ThirdParties\glm\glm\gtc</Filter>
    </ClInclude>
    <ClInclude Include="ThirdParties\glm\glm\gtc\reciprocal.hpp">
      <Filter>ThirdParties\glm\glm\gtc</Filter>
    </ClInclude>
    <ClInclude Include="ThirdParties\glm\glm\gtc\round.hpp">
      <Filter>ThirdParties\glm\glm\gtc</Filter>
    </ClInclude>
    <ClInclude Include="ThirdParties\glm\glm\gtc\round.inl">
      <Filter>ThirdParties\glm\glm\gtc</Filter>
    </ClInclude>
    <ClInclude Include="ThirdParties\glm\glm\gtc\type_aligned.hpp">
      <Filter>ThirdParties\glm\glm\gtc</Filter>
    </ClInclude>
    <ClInclude Include="ThirdParties\glm\glm\gtc\type_precision.hpp">
      <Filter>ThirdParties\glm\glm\gtc</Filter>
    </ClInclude>
    <ClInclude Include="ThirdParties\glm\glm\gtc\type_precision.inl">
      <Filter>ThirdParties\glm\glm\gtc</Filter>
    </ClInclude>
    <ClInclude Include="ThirdParties\glm\glm\gtc\type_ptr.hpp">
      <Filter>ThirdParties\glm\glm\gtc</Filter>
    </ClInclude>
    <ClInclude Include="ThirdParties\glm\glm\gtc\type_ptr.inl">
      <Filter>ThirdParties\glm\glm\gtc</Filter>
    </ClInclude>
    <ClInclude Include="ThirdParties\glm\glm\gtc\ulp.hpp">
      <Filter>ThirdParties\glm\glm\gtc</Filter>
    </ClInclude>
    <ClInclude Include="ThirdParties\glm\glm\gtc\ulp.inl">
      <Filter>ThirdParties\glm\glm\gtc</Filter>
    </ClInclude>
    <ClInclude Include="ThirdParties\glm\glm\gtc\vec1.hpp">
      <Filter>ThirdParties\glm\glm\gtc</Filter>
    </ClInclude>
    <ClInclude Include="ThirdParties\glm\glm\gtx\associated_min_max.hpp">
      <Filter>ThirdParties\glm\glm\gtx</Filter>
    </ClInclude>
    <ClInclude Include="ThirdParties\glm\glm\gtx\associated_min_max.inl">
      <Filter>ThirdParties\glm\glm\gtx</Filter>
    </ClInclude>
    <ClInclude Include="ThirdParties\glm\glm\gtx\bit.hpp">
      <Filter>ThirdParties\glm\glm\gtx</Filter>
    </ClInclude>
    <ClInclude Include="ThirdParties\glm\glm\gtx\bit.inl">
      <Filter>ThirdParties\glm\glm\gtx</Filter>
    </ClInclude>
    <ClInclude Include="ThirdParties\glm\glm\gtx\closest_point.hpp">
      <Filter>ThirdParties\glm\glm\gtx</Filter>
    </ClInclude>
    <ClInclude Include="ThirdParties\glm\glm\gtx\closest_point.inl">
      <Filter>ThirdParties\glm\glm\gtx</Filter>
    </ClInclude>
    <ClInclude Include="ThirdParties\glm\glm\gtx\color_encoding.hpp">
      <Filter>ThirdParties\glm\glm\gtx</Filter>
    </ClInclude>
    <ClInclude Include="ThirdParties\glm\glm\gtx\color_encoding.inl">
      <Filter>ThirdParties\glm\glm\gtx</Filter>
    </ClInclude>
    <ClInclude Include="ThirdParties\glm\glm\gtx\color_space.hpp">
      <Filter>ThirdParties\glm\glm\gtx</Filter>
    </ClInclude>
    <ClInclude Include="ThirdParties\glm\glm\gtx\color_space.inl">
      <Filter>ThirdParties\glm\glm\gtx</Filter>
    </ClInclude>
    <ClInclude Include="ThirdParties\glm\glm\gtx\color_space_YCoCg.hpp">
      <Filter>ThirdParties\glm\glm\gtx</Filter>
    </ClInclude>
    <ClInclude Include="ThirdParties\glm\glm\gtx\color_space_YCoCg.inl">
      <Filter>ThirdParties\glm\glm\gtx</Filter>
    </ClInclude>
    <ClInclude Include="ThirdParties\glm\glm\gtx\common.hpp">
      <Filter>ThirdParties\glm\glm\gtx</Filter>
    </ClInclude>
    <ClInclude Include="ThirdParties\glm\glm\gtx\common.inl">
      <Filter>ThirdParties\glm\glm\gtx</Filter>
    </ClInclude>
    <ClInclude Include="ThirdParties\glm\glm\gtx\compatibility.hpp">
      <Filter>ThirdParties\glm\glm\gtx</Filter>
    </ClInclude>
    <ClInclude Include="ThirdParties\glm\glm\gtx\compatibility.inl">
      <Filter>ThirdParties\glm\glm\gtx</Filter>
    </ClInclude>
    <ClInclude Include="ThirdParties\glm\glm\gtx\component_wise.hpp">
      <Filter>ThirdParties\glm\glm\gtx</Filter>
    </ClInclude>
    <ClInclude Include="ThirdParties\glm\glm\gtx\component_wise.inl">
      <Filter>ThirdParties\glm\glm\gtx</Filter>
    </ClInclude>
    <ClInclude Include="ThirdParties\glm\glm\gtx\dual_quaternion.hpp">
      <Filter>ThirdParties\glm\glm\gtx</Filter>
    </ClInclude>
    <ClInclude Include="ThirdParties\glm\glm\gtx\dual_quaternion.inl">
      <Filter>ThirdParties\glm\glm\gtx</Filter>
    </ClInclude>
    <ClInclude Include="ThirdParties\glm\glm\gtx\easing.hpp">
      <Filter>ThirdParties\glm\glm\gtx</Filter>
    </ClInclude>
    <ClInclude Include="ThirdParties\glm\glm\gtx\easing.inl">
      <Filter>ThirdParties\glm\glm\gtx</Filter>
    </ClInclude>
    <ClInclude Include="ThirdParties\glm\glm\gtx\euler_angles.hpp">
      <Filter>ThirdParties\glm\glm\gtx</Filter>
    </ClInclude>
    <ClInclude Include="ThirdParties\glm\glm\gtx\euler_angles.inl">
      <Filter>ThirdParties\glm\glm\gtx</Filter>
    </ClInclude>
    <ClInclude Include="ThirdParties\glm\glm\gtx\extend.hpp">
      <Filter>ThirdParties\glm\glm\gtx</Filter>
    </ClInclude>
    <ClInclude Include="ThirdParties\glm\glm\gtx\extend.inl">
      <Filter>ThirdParties\glm\glm\gtx</Filter>
    </ClInclude>
    <ClInclude Include="ThirdParties\glm\glm\gtx\extended_min_max.hpp">
      <Filter>ThirdParties\glm\glm\gtx</Filter>
    </ClInclude>
    <ClInclude Include="ThirdParties\glm\glm\gtx\extended_min_max.inl">
      <Filter>ThirdParties\glm\glm\gtx</Filter>
    </ClInclude>
    <ClInclude Include="ThirdParties\glm\glm\gtx\exterior_product.hpp">
      <Filter>ThirdParties\glm\glm\gtx</Filter>
    </ClInclude>
    <ClInclude Include="ThirdParties\glm\glm\gtx\exterior_product.inl">
      <Filter>ThirdParties\glm\glm\gtx</Filter>
    </ClInclude>
    <ClInclude Include="ThirdParties\glm\glm\gtx\fast_exponential.hpp">
      <Filter>ThirdParties\glm\glm\gtx</Filter>
    </ClInclude>
    <ClInclude Include="ThirdParties\glm\glm\gtx\fast_exponential.inl">
      <Filter>ThirdParties\glm\glm\gtx</Filter>
    </ClInclude>
    <ClInclude Include="ThirdParties\glm\glm\gtx\fast_square_root.hpp">
      <Filter>ThirdParties\glm\glm\gtx</Filter>
    </ClInclude>
    <ClInclude Include="ThirdParties\glm\glm\gtx\fast_square_root.inl">
      <Filter>ThirdParties\glm\glm\gtx</Filter>
    </ClInclude>
    <ClInclude Include="ThirdParties\glm\glm\gtx\fast_trigonometry.hpp">
      <Filter>ThirdParties\glm\glm\gtx</Filter>
    </ClInclude>
    <ClInclude Include="ThirdParties\glm\glm\gtx\fast_trigonometry.inl">
      <Filter>ThirdParties\glm\glm\gtx</Filter>
    </ClInclude>
    <ClInclude Include="ThirdParties\glm\glm\gtx\float_notmalize.inl">
      <Filter>ThirdParties\glm\glm\gtx</Filter>
    </ClInclude>
    <ClInclude Include="ThirdParties\glm\glm\gtx\functions.hpp">
      <Filter>ThirdParties\glm\glm\gtx</Filter>
    </ClInclude>
    <ClInclude Include="ThirdParties\glm\glm\gtx\functions.inl">
      <Filter>ThirdParties\glm\glm\gtx</Filter>
    </ClInclude>
    <ClInclude Include="ThirdParties\glm\glm\gtx\gradient_paint.hpp">
      <Filter>ThirdParties\glm\glm\gtx</Filter>
    </ClInclude>
    <ClInclude Include="ThirdParties\glm\glm\gtx\gradient_paint.inl">
      <Filter>ThirdParties\glm\glm\gtx</Filter>
    </ClInclude>
    <ClInclude Include="ThirdParties\glm\glm\gtx\handed_coordinate_space.hpp">
      <Filter>ThirdParties\glm\glm\gtx</Filter>
    </ClInclude>
    <ClInclude Include="ThirdParties\glm\glm\gtx\handed_coordinate_space.inl">
      <Filter>ThirdParties\glm\glm\gtx</Filter>
    </ClInclude>
    <ClInclude Include="ThirdParties\glm\glm\gtx\hash.hpp">
      <Filter>ThirdParties\glm\glm\gtx</Filter>
    </ClInclude>
    <ClInclude Include="ThirdParties\glm\glm\gtx\hash.inl">
      <Filter>ThirdParties\glm\glm\gtx</Filter>
    </ClInclude>
    <ClInclude Include="ThirdParties\glm\glm\gtx\integer.hpp">
      <Filter>ThirdParties\glm\glm\gtx</Filter>
    </ClInclude>
    <ClInclude Include="ThirdParties\glm\glm\gtx\integer.inl">
      <Filter>ThirdParties\glm\glm\gtx</Filter>
    </ClInclude>
    <ClInclude Include="ThirdParties\glm\glm\gtx\intersect.hpp">
      <Filter>ThirdParties\glm\glm\gtx</Filter>
    </ClInclude>
    <ClInclude Include="ThirdParties\glm\glm\gtx\intersect.inl">
      <Filter>ThirdParties\glm\glm\gtx</Filter>
    </ClInclude>
    <ClInclude Include="ThirdParties\glm\glm\gtx\io.hpp">
      <Filter>ThirdParties\glm\glm\gtx</Filter>
    </ClInclude>
    <ClInclude Include="ThirdParties\glm\glm\gtx\io.inl">
      <Filter>ThirdParties\glm\glm\gtx</Filter>
    </ClInclude>
    <ClInclude Include="ThirdParties\glm\glm\gtx\log_base.hpp">
      <Filter>ThirdParties\glm\glm\gtx</Filter>
    </ClInclude>
    <ClInclude Include="ThirdParties\glm\glm\gtx\log_base.inl">
      <Filter>ThirdParties\glm\glm\gtx</Filter>
    </ClInclude>
    <ClInclude Include="ThirdParties\glm\glm\gtx\matrix_cross_product.hpp">
      <Filter>ThirdParties\glm\glm\gtx</Filter>
    </ClInclude>
    <ClInclude Include="ThirdParties\glm\glm\gtx\matrix_cross_product.inl">
      <Filter>ThirdParties\glm\glm\gtx</Filter>
    </ClInclude>
    <ClInclude Include="ThirdParties\glm\glm\gtx\matrix_decompose.hpp">
      <Filter>ThirdParties\glm\glm\gtx</Filter>
    </ClInclude>
    <ClInclude Include="ThirdParties\glm\glm\gtx\matrix_decompose.inl">
      <Filter>ThirdParties\glm\glm\gtx</Filter>
    </ClInclude>
    <ClInclude Include="ThirdParties\glm\glm\gtx\matrix_factorisation.hpp">
      <Filter>ThirdParties\glm\glm\gtx</Filter>
    </ClInclude>
    <ClInclude Include="ThirdParties\glm\glm\gtx\matrix_factorisation.inl">
      <Filter>ThirdParties\glm\glm\gtx</Filter>
    </ClInclude>
    <ClInclude Include="ThirdParties\glm\glm\gtx\matrix_interpolation.hpp">
      <Filter>ThirdParties\glm\glm\gtx</Filter>
    </ClInclude>
    <ClInclude Include="ThirdParties\glm\glm\gtx\matrix_interpolation.inl">
      <Filter>ThirdParties\glm\glm\gtx</Filter>
    </ClInclude>
    <ClInclude Include="ThirdParties\glm\glm\gtx\matrix_major_storage.hpp">
      <Filter>ThirdParties\glm\glm\gtx</Filter>
    </ClInclude>
    <ClInclude Include="ThirdParties\glm\glm\gtx\matrix_major_storage.inl">
      <Filter>ThirdParties\glm\glm\gtx</Filter>
    </ClInclude>
    <ClInclude Include="ThirdParties\glm\glm\gtx\matrix_operation.hpp">
      <Filter>ThirdParties\glm\glm\gtx</Filter>
    </ClInclude>
    <ClInclude Include="ThirdParties\glm\glm\gtx\matrix_operation.inl">
      <Filter>ThirdParties\glm\glm\gtx</Filter>
    </ClInclude>
    <ClInclude Include="ThirdParties\glm\glm\gtx\matrix_query.hpp">
      <Filter>ThirdParties\glm\glm\gtx</Filter>
    </ClInclude>
    <ClInclude Include="ThirdParties\glm\glm\gtx\matrix_query.inl">
      <Filter>ThirdParties\glm\glm\gtx</Filter>
    </ClInclude>
    <ClInclude Include="ThirdParties\glm\glm\gtx\matrix_transform_2d.hpp">
      <Filter>ThirdParties\glm\glm\gtx</Filter>
    </ClInclude>
    <ClInclude Include="ThirdParties\glm\glm\gtx\matrix_transform_2d.inl">
      <Filter>ThirdParties\glm\glm\gtx</Filter>
    </ClInclude>
    <ClInclude Include="ThirdParties\glm\glm\gtx\mixed_product.hpp">
      <Filter>ThirdParties\glm\glm\gtx</Filter>
    </ClInclude>
    <ClInclude Include="ThirdParties\glm\glm\gtx\mixed_product.inl">
      <Filter>ThirdParties\glm\glm\gtx</Filter>
    </ClInclude>
    <ClInclude Include="ThirdParties\glm\glm\gtx\norm.hpp">
      <Filter>ThirdParties\glm\glm\gtx</Filter>
    </ClInclude>
    <ClInclude Include="ThirdParties\glm\glm\gtx\norm.inl">
      <Filter>ThirdParties\glm\glm\gtx</Filter>
    </ClInclude>
    <ClInclude Include="ThirdParties\glm\glm\gtx\normal.hpp">
      <Filter>ThirdParties\glm\glm\gtx</Filter>
    </ClInclude>
    <ClInclude Include="ThirdParties\glm\glm\gtx\normal.inl">
      <Filter>ThirdParties\glm\glm\gtx</Filter>
    </ClInclude>
    <ClInclude Include="ThirdParties\glm\glm\gtx\normalize_dot.hpp">
      <Filter>ThirdParties\glm\glm\gtx</Filter>
    </ClInclude>
    <ClInclude Include="ThirdParties\glm\glm\gtx\normalize_dot.inl">
      <Filter>ThirdParties\glm\glm\gtx</Filter>
    </ClInclude>
    <ClInclude Include="ThirdParties\glm\glm\gtx\number_precision.hpp">
      <Filter>ThirdParties\glm\glm\gtx</Filter>
    </ClInclude>
    <ClInclude Include="ThirdParties\glm\glm\gtx\number_precision.inl">
      <Filter>ThirdParties\glm\glm\gtx</Filter>
    </ClInclude>
    <ClInclude Include="ThirdParties\glm\glm\gtx\optimum_pow.hpp">
      <Filter>ThirdParties\glm\glm\gtx</Filter>
    </ClInclude>
    <ClInclude Include="ThirdParties\glm\glm\gtx\optimum_pow.inl">
      <Filter>ThirdParties\glm\glm\gtx</Filter>
    </ClInclude>
    <ClInclude Include="ThirdParties\glm\glm\gtx\orthonormalize.hpp">
      <Filter>ThirdParties\glm\glm\gtx</Filter>
    </ClInclude>
    <ClInclude Include="ThirdParties\glm\glm\gtx\orthonormalize.inl">
      <Filter>ThirdParties\glm\glm\gtx</Filter>
    </ClInclude>
    <ClInclude Include="ThirdParties\glm\glm\gtx\pca.hpp">
      <Filter>ThirdParties\glm\glm\gtx</Filter>
    </ClInclude>
    <ClInclude Include="ThirdParties\glm\glm\gtx\pca.inl">
      <Filter>ThirdParties\glm\glm\gtx</Filter>
    </ClInclude>
    <ClInclude Include="ThirdParties\glm\glm\gtx\perpendicular.hpp">
      <Filter>ThirdParties\glm\glm\gtx</Filter>
    </ClInclude>
    <ClInclude Include="ThirdParties\glm\glm\gtx\perpendicular.inl">
      <Filter>ThirdParties\glm\glm\gtx</Filter>
    </ClInclude>
    <ClInclude Include="ThirdParties\glm\glm\gtx\polar_coordinates.hpp">
      <Filter>ThirdParties\glm\glm\gtx</Filter>
    </ClInclude>
    <ClInclude Include="ThirdParties\glm\glm\gtx\polar_coordinates.inl">
      <Filter>ThirdParties\glm\glm\gtx</Filter>
    </ClInclude>
    <ClInclude Include="ThirdParties\glm\glm\gtx\projection.hpp">
      <Filter>ThirdParties\glm\glm\gtx</Filter>
    </ClInclude>
    <ClInclude Include="ThirdParties\glm\glm\gtx\projection.inl">
      <Filter>ThirdParties\glm\glm\gtx</Filter>
    </ClInclude>
    <ClInclude Include="ThirdParties\glm\glm\gtx\quaternion.hpp">
      <Filter>ThirdParties\glm\glm\gtx</Filter>
    </ClInclude>
    <ClInclude Include="ThirdParties\glm\glm\gtx\quaternion.inl">
      <Filter>ThirdParties\glm\glm\gtx</Filter>
    </ClInclude>
    <ClInclude Include="ThirdParties\glm\glm\gtx\range.hpp">
      <Filter>ThirdParties\glm\glm\gtx</Filter>
    </ClInclude>
    <ClInclude Include="ThirdParties\glm\glm\gtx\raw_data.hpp">
      <Filter>ThirdParties\glm\glm\gtx</Filter>
    </ClInclude>
    <ClInclude Include="ThirdParties\glm\glm\gtx\raw_data.inl">
      <Filter>ThirdParties\glm\glm\gtx</Filter>
    </ClInclude>
    <ClInclude Include="ThirdParties\glm\glm\gtx\rotate_normalized_axis.hpp">
      <Filter>ThirdParties\glm\glm\gtx</Filter>
    </ClInclude>
    <ClInclude Include="ThirdParties\glm\glm\gtx\rotate_normalized_axis.inl">
      <Filter>ThirdParties\glm\glm\gtx</Filter>
    </ClInclude>
    <ClInclude Include="ThirdParties\glm\glm\gtx\rotate_vector.hpp">
      <Filter>ThirdParties\glm\glm\gtx</Filter>
    </ClInclude>
    <ClInclude Include="ThirdParties\glm\glm\gtx\rotate_vector.inl">
      <Filter>ThirdParties\glm\glm\gtx</Filter>
    </ClInclude>
    <ClInclude Include="ThirdParties\glm\glm\gtx\scalar_multiplication.hpp">
      <Filter>ThirdParties\glm\glm\gtx</Filter>
    </ClInclude>
    <ClInclude Include="ThirdParties\glm\glm\gtx\scalar_relational.hpp">
      <Filter>ThirdParties\glm\glm\gtx</Filter>
    </ClInclude>
    <ClInclude Include="ThirdParties\glm\glm\gtx\scalar_relational.inl">
      <Filter>ThirdParties\glm\glm\gtx</Filter>
    </ClInclude>
    <ClInclude Include="ThirdParties\glm\glm\gtx\spline.hpp">
      <Filter>ThirdParties\glm\glm\gtx</Filter>
    </ClInclude>
    <ClInclude Include="ThirdParties\glm\glm\gtx\spline.inl">
      <Filter>ThirdParties\glm\glm\gtx</Filter>
    </ClInclude>
    <ClInclude Include="ThirdParties\glm\glm\gtx\std_based_type.hpp">
      <Filter>ThirdParties\glm\glm\gtx</Filter>
    </ClInclude>
    <ClInclude Include="ThirdParties\glm\glm\gtx\std_based_type.inl">
      <Filter>ThirdParties\glm\glm\gtx</Filter>
    </ClInclude>
    <ClInclude Include="ThirdParties\glm\glm\gtx\string_cast.hpp">
      <Filter>ThirdParties\glm\glm\gtx</Filter>
    </ClInclude>
    <ClInclude Include="ThirdParties\glm\glm\gtx\string_cast.inl">
      <Filter>ThirdParties\glm\glm\gtx</Filter>
    </ClInclude>
    <ClInclude Include="ThirdParties\glm\glm\gtx\texture.hpp">
      <Filter>ThirdParties\glm\glm\gtx</Filter>
    </ClInclude>
    <ClInclude Include="ThirdParties\glm\glm\gtx\texture.inl">
      <Filter>ThirdParties\glm\glm\gtx</Filter>
    </ClInclude>
    <ClInclude Include="ThirdParties\glm\glm\gtx\transform.hpp">
      <Filter>ThirdParties\glm\glm\gtx</Filter>
    </ClInclude>
    <ClInclude Include="ThirdParties\glm\glm\gtx\transform.inl">
      <Filter>ThirdParties\glm\glm\gtx</Filter>
    </ClInclude>
    <ClInclude Include="ThirdParties\glm\glm\gtx\transform2.hpp">
      <Filter>ThirdParties\glm\glm\gtx</Filter>
    </ClInclude>
    <ClInclude Include="ThirdParties\glm\glm\gtx\transform2.inl">
      <Filter>ThirdParties\glm\glm\gtx</Filter>
    </ClInclude>
    <ClInclude Include="ThirdParties\glm\glm\gtx\type_aligned.hpp">
      <Filter>ThirdParties\glm\glm\gtx</Filter>
    </ClInclude>
    <ClInclude Include="ThirdParties\glm\glm\gtx\type_aligned.inl">
      <Filter>ThirdParties\glm\glm\gtx</Filter>
    </ClInclude>
    <ClInclude Include="ThirdParties\glm\glm\gtx\type_trait.hpp">
      <Filter>ThirdParties\glm\glm\gtx</Filter>
    </ClInclude>
    <ClInclude Include="ThirdParties\glm\glm\gtx\type_trait.inl">
      <Filter>ThirdParties\glm\glm\gtx</Filter>
    </ClInclude>
    <ClInclude Include="ThirdParties\glm\glm\gtx\vec_swizzle.hpp">
      <Filter>ThirdParties\glm\glm\gtx</Filter>
    </ClInclude>
    <ClInclude Include="ThirdParties\glm\glm\gtx\vector_angle.hpp">
      <Filter>ThirdParties\glm\glm\gtx</Filter>
    </ClInclude>
    <ClInclude Include="ThirdParties\glm\glm\gtx\vector_angle.inl">
      <Filter>ThirdParties\glm\glm\gtx</Filter>
    </ClInclude>
    <ClInclude Include="ThirdParties\glm\glm\gtx\vector_query.hpp">
      <Filter>ThirdParties\glm\glm\gtx</Filter>
    </ClInclude>
    <ClInclude Include="ThirdParties\glm\glm\gtx\vector_query.inl">
      <Filter>ThirdParties\glm\glm\gtx</Filter>
    </ClInclude>
    <ClInclude Include="ThirdParties\glm\glm\gtx\wrap.hpp">
      <Filter>ThirdParties\glm\glm\gtx</Filter>
    </ClInclude>
    <ClInclude Include="ThirdParties\glm\glm\gtx\wrap.inl">
      <Filter>ThirdParties\glm\glm\gtx</Filter>
    </ClInclude>
    <ClInclude Include="ThirdParties\glm\glm\integer.hpp">
      <Filter>ThirdParties\glm\glm</Filter>
    </ClInclude>
    <ClInclude Include="ThirdParties\glm\glm\mat2x2.hpp">
      <Filter>ThirdParties\glm\glm</Filter>
    </ClInclude>
    <ClInclude Include="ThirdParties\glm\glm\mat2x3.hpp">
      <Filter>ThirdParties\glm\glm</Filter>
    </ClInclude>
    <ClInclude Include="ThirdParties\glm\glm\mat2x4.hpp">
      <Filter>ThirdParties\glm\glm</Filter>
    </ClInclude>
    <ClInclude Include="ThirdParties\glm\glm\mat3x2.hpp">
      <Filter>ThirdParties\glm\glm</Filter>
    </ClInclude>
    <ClInclude Include="ThirdParties\glm\glm\mat3x3.hpp">
      <Filter>ThirdParties\glm\glm</Filter>
    </ClInclude>
    <ClInclude Include="ThirdParties\glm\glm\mat3x4.hpp">
      <Filter>ThirdParties\glm\glm</Filter>
    </ClInclude>
    <ClInclude Include="ThirdParties\glm\glm\mat4x2.hpp">
      <Filter>ThirdParties\glm\glm</Filter>
    </ClInclude>
    <ClInclude Include="ThirdParties\glm\glm\mat4x3.hpp">
      <Filter>ThirdParties\glm\glm</Filter>
    </ClInclude>
    <ClInclude Include="ThirdParties\glm\glm\mat4x4.hpp">
      <Filter>ThirdParties\glm\glm</Filter>
    </ClInclude>
    <ClInclude Include="ThirdParties\glm\glm\matrix.hpp">
      <Filter>ThirdParties\glm\glm</Filter>
    </ClInclude>
    <ClInclude Include="ThirdParties\glm\glm\packing.hpp">
      <Filter>ThirdParties\glm\glm</Filter>
    </ClInclude>
    <ClInclude Include="ThirdParties\glm\glm\trigonometric.hpp">
      <Filter>ThirdParties\glm\glm</Filter>
    </ClInclude>
    <ClInclude Include="ThirdParties\glm\glm\vec2.hpp">
      <Filter>ThirdParties\glm\glm</Filter>
    </ClInclude>
    <ClInclude Include="ThirdParties\glm\glm\vec3.hpp">
      <Filter>ThirdParties\glm\glm</Filter>
    </ClInclude>
    <ClInclude Include="ThirdParties\glm\glm\vec4.hpp">
      <Filter>ThirdParties\glm\glm</Filter>
    </ClInclude>
    <ClInclude Include="ThirdParties\glm\glm\vector_relational.hpp">
      <Filter>ThirdParties\glm\glm</Filter>
    </ClInclude>
    <ClInclude Include="src\PlatForm\OpenGL\imgui_impl_glfw.h">
      <Filter>src\PlatForm\OpenGL</Filter>
    </ClInclude>
    <ClInclude Include="src\PlatForm\OpenGL\imgui_impl_opengl3.h">
      <Filter>src\PlatForm\OpenGL</Filter>
    </ClInclude>
    <ClInclude Include="src\PlatForm\OpenGL\imgui_impl_opengl3_loader.h">
      <Filter>src\PlatForm\OpenGL</Filter>
    </ClInclude>
    <ClInclude Include="src\PlatForm\WindowsInput.h">
      <Filter>src\PlatForm</Filter>
    </ClInclude>
    <ClInclude Include="src\PlatForm\WindowsWindow.h">
      <Filter>src\PlatForm</Filter>
    </ClInclude>
    <ClInclude Include="src\PreCompile.h">
      <Filter>src</Filter>
    </ClInclude>
    <ClInclude Include="src\SparkRabbit.h">
      <Filter>src</Filter>
    </ClInclude>
    <ClInclude Include="src\SparkRabbit\Application.h">
      <Filter>src\SparkRabbit</Filter>
    </ClInclude>
    <ClInclude Include="src\SparkRabbit\Core.h">
      <Filter>src\SparkRabbit</Filter>
    </ClInclude>
    <ClInclude Include="src\SparkRabbit\EntryPoint.h">
      <Filter>src\SparkRabbit</Filter>
    </ClInclude>
    <ClInclude Include="src\SparkRabbit\EventsSystem\ApplicationEvent.h">
      <Filter>src\SparkRabbit\EventsSystem</Filter>
    </ClInclude>
    <ClInclude Include="src\SparkRabbit\EventsSystem\KeyboardEvent.h">
      <Filter>src\SparkRabbit\EventsSystem</Filter>
    </ClInclude>
    <ClInclude Include="src\SparkRabbit\EventsSystem\MouseEvent.h">
      <Filter>src\SparkRabbit\EventsSystem</Filter>
    </ClInclude>
    <ClInclude Include="src\SparkRabbit\EventsSystem\WindowEvent.h">
      <Filter>src\SparkRabbit\EventsSystem</Filter>
    </ClInclude>
    <ClInclude Include="src\SparkRabbit\EventsSystem\event.h">
      <Filter>src\SparkRabbit\EventsSystem</Filter>
    </ClInclude>
    <ClInclude Include="src\SparkRabbit\Imgui\ImguiLayer.h">
      <Filter>src\SparkRabbit\Imgui</Filter>
    </ClInclude>
    <ClInclude Include="src\SparkRabbit\KeyDefine.h">
      <Filter>src\SparkRabbit</Filter>
    </ClInclude>
    <ClInclude Include="src\SparkRabbit\Layer\Layer.h">
      <Filter>src\SparkRabbit\Layer</Filter>
    </ClInclude>
    <ClInclude Include="src\SparkRabbit\Layer\LayerStack.h">
      <Filter>src\SparkRabbit\Layer</Filter>
    </ClInclude>
    <ClInclude Include="src\SparkRabbit\Log.h">
      <Filter>src\SparkRabbit</Filter>
    </ClInclude>
    <ClInclude Include="src\SparkRabbit\MouseDefine.h">
      <Filter>src\SparkRabbit</Filter>
    </ClInclude>
    <ClInclude Include="src\SparkRabbit\Render\GraphicsContext.h">
      <Filter>src\SparkRabbit\Render</Filter>
    </ClInclude>
    <ClInclude Include="src\SparkRabbit\Render\Load.h">
      <Filter>src\SparkRabbit\Render</Filter>
    </ClInclude>
    <ClInclude Include="src\SparkRabbit\Render\OpenGL\Buffer.h">
      <Filter>src\SparkRabbit\Render\OpenGL</Filter>
    </ClInclude>
    <ClInclude Include="src\SparkRabbit\Render\OpenGL\OpenglBuffer.h">
      <Filter>src\SparkRabbit\Render\OpenGL</Filter>
    </ClInclude>
    <ClInclude Include="src\SparkRabbit\Render\OpenGL\OpenglContext.h">
      <Filter>src\SparkRabbit\Render\OpenGL</Filter>
    </ClInclude>
    <ClInclude Include="src\SparkRabbit\Render\OpenGL\OpenglShader.h">
      <Filter>src\SparkRabbit\Render\OpenGL</Filter>
    </ClInclude>
    <ClInclude Include="src\SparkRabbit\Render\Shader.h">
      <Filter>src\SparkRabbit\Render</Filter>
    </ClInclude>
    <ClInclude Include="src\SparkRabbit\Render\Texture.h">
      <Filter>src\SparkRabbit\Render</Filter>
    </ClInclude>
    <ClInclude Include="src\SparkRabbit\Render\VBOHandler.h">
      <Filter>src\SparkRabbit\Render</Filter>
    </ClInclude>
    <ClInclude Include="src\SparkRabbit\Render\Control.h">
      <Filter>src\SparkRabbit\Render</Filter>
    </ClInclude>
    <ClInclude Include="src\SparkRabbit\Window.h">
      <Filter>src\SparkRabbit</Filter>
    </ClInclude>
    <ClInclude Include="src\SparkRabbit\input.h">
      <Filter>src\SparkRabbit</Filter>
    </ClInclude>
    <ClInclude Include="src\SparkRabbit\Render\ComputeNormal.h" />
    <ClInclude Include="src\SparkRabbit\Render\skybox.h" />
  </ItemGroup>
  <ItemGroup>
    <ClCompile Include="src\PlatForm\OpenGL\imgui_impl_glfw.cpp">
      <Filter>src\PlatForm\OpenGL</Filter>
    </ClCompile>
    <ClCompile Include="src\PlatForm\OpenGL\imgui_impl_opengl3.cpp">
      <Filter>src\PlatForm\OpenGL</Filter>
    </ClCompile>
    <ClCompile Include="src\PlatForm\WindowsInput.cpp">
      <Filter>src\PlatForm</Filter>
    </ClCompile>
    <ClCompile Include="src\PlatForm\WindowsWindow.cpp">
      <Filter>src\PlatForm</Filter>
    </ClCompile>
    <ClCompile Include="src\PreCompile.cpp">
      <Filter>src</Filter>
    </ClCompile>
    <ClCompile Include="src\SparkRabbit\Application.cpp">
      <Filter>src\SparkRabbit</Filter>
    </ClCompile>
    <ClCompile Include="src\SparkRabbit\Imgui\ImguiLayer.cpp">
      <Filter>src\SparkRabbit\Imgui</Filter>
    </ClCompile>
    <ClCompile Include="src\SparkRabbit\Layer\Layer.cpp">
      <Filter>src\SparkRabbit\Layer</Filter>
    </ClCompile>
    <ClCompile Include="src\SparkRabbit\Layer\LayerStack.cpp">
      <Filter>src\SparkRabbit\Layer</Filter>
    </ClCompile>
    <ClCompile Include="src\SparkRabbit\Log.cpp">
      <Filter>src\SparkRabbit</Filter>
    </ClCompile>
    <ClCompile Include="src\SparkRabbit\Render\Load.cpp">
      <Filter>src\SparkRabbit\Render</Filter>
    </ClCompile>
    <ClCompile Include="src\SparkRabbit\Render\OpenGL\Buffer.cpp">
      <Filter>src\SparkRabbit\Render\OpenGL</Filter>
    </ClCompile>
    <ClCompile Include="src\SparkRabbit\Render\OpenGL\OpenglBuffer.cpp">
      <Filter>src\SparkRabbit\Render\OpenGL</Filter>
    </ClCompile>
    <ClCompile Include="src\SparkRabbit\Render\OpenGL\OpenglContext.cpp">
      <Filter>src\SparkRabbit\Render\OpenGL</Filter>
    </ClCompile>
    <ClCompile Include="src\SparkRabbit\Render\OpenGL\OpenglShader.cpp">
      <Filter>src\SparkRabbit\Render\OpenGL</Filter>
    </ClCompile>
    <ClCompile Include="src\SparkRabbit\Render\Shader.cpp">
      <Filter>src\SparkRabbit\Render</Filter>
    </ClCompile>
    <ClCompile Include="src\SparkRabbit\Render\Texture.cpp">
      <Filter>src\SparkRabbit\Render</Filter>
    </ClCompile>
    <ClCompile Include="src\SparkRabbit\Render\VBOHandler.cpp">
      <Filter>src\SparkRabbit\Render</Filter>
    </ClCompile>
    <ClCompile Include="src\SparkRabbit\Render\Control.cpp">
      <Filter>src\SparkRabbit\Render</Filter>
    </ClCompile>
    <ClCompile Include="src\SparkRabbit\Render\ComputeNormal.cpp" />
  </ItemGroup>
  <ItemGroup>
    <None Include="src\SparkRabbit\Render\Shaders\skybox.vertexshader" />
    <None Include="src\SparkRabbit\Render\Shaders\skybox.fragmentshader" />
  </ItemGroup>
</Project>